// !$*UTF8*$!
{
	archiveVersion = 1;
	classes = {
	};
	objectVersion = 50;
	objects = {

/* Begin PBXBuildFile section */
		0F1D40BD250AC23700F56A18 /* OptionalImage.swift in Sources */ = {isa = PBXBuildFile; fileRef = 0F1D40BC250AC23700F56A18 /* OptionalImage.swift */; };
		0F1D40BF250AC5AB00F56A18 /* AnimatableSystemFontModifier.swift in Sources */ = {isa = PBXBuildFile; fileRef = 0F1D40BE250AC5AB00F56A18 /* AnimatableSystemFontModifier.swift */; };
		0F7312E125089E970065A244 /* AppDelegate.swift in Sources */ = {isa = PBXBuildFile; fileRef = 0F7312E025089E970065A244 /* AppDelegate.swift */; };
		0F7312E325089E970065A244 /* SceneDelegate.swift in Sources */ = {isa = PBXBuildFile; fileRef = 0F7312E225089E970065A244 /* SceneDelegate.swift */; };
		0F7312E525089E970065A244 /* EmojiArtDocumentView.swift in Sources */ = {isa = PBXBuildFile; fileRef = 0F7312E425089E970065A244 /* EmojiArtDocumentView.swift */; };
		0F7312E725089E9B0065A244 /* Assets.xcassets in Resources */ = {isa = PBXBuildFile; fileRef = 0F7312E625089E9B0065A244 /* Assets.xcassets */; };
		0F7312EA25089E9B0065A244 /* Preview Assets.xcassets in Resources */ = {isa = PBXBuildFile; fileRef = 0F7312E925089E9B0065A244 /* Preview Assets.xcassets */; };
		0F7312ED25089E9B0065A244 /* LaunchScreen.storyboard in Resources */ = {isa = PBXBuildFile; fileRef = 0F7312EB25089E9B0065A244 /* LaunchScreen.storyboard */; };
		0F7312F525089F560065A244 /* EmojiArtDocument.swift in Sources */ = {isa = PBXBuildFile; fileRef = 0F7312F425089F560065A244 /* EmojiArtDocument.swift */; };
		0F7312F72508A3460065A244 /* EmojiArt.swift in Sources */ = {isa = PBXBuildFile; fileRef = 0F7312F62508A3460065A244 /* EmojiArt.swift */; };
		0F7312F92508DC740065A244 /* EmojiArtExtensions.swift in Sources */ = {isa = PBXBuildFile; fileRef = 0F7312F82508DC740065A244 /* EmojiArtExtensions.swift */; };
		0FBB1D8E250E4F9C0003F77E /* Spinning.swift in Sources */ = {isa = PBXBuildFile; fileRef = 0FBB1D8D250E4F9C0003F77E /* Spinning.swift */; };
		0FBB1D90250EAA460003F77E /* PaletteChooser.swift in Sources */ = {isa = PBXBuildFile; fileRef = 0FBB1D8F250EAA460003F77E /* PaletteChooser.swift */; };
		0FBB1D92250EAC2A0003F77E /* EmojiArtDocumentPalette.swift in Sources */ = {isa = PBXBuildFile; fileRef = 0FBB1D91250EAC2A0003F77E /* EmojiArtDocumentPalette.swift */; };
		0FBB1DAF2511CC340003F77E /* Grid.swift in Sources */ = {isa = PBXBuildFile; fileRef = 0FBB1DAD2511CC330003F77E /* Grid.swift */; };
		0FBB1DB02511CC340003F77E /* GridLayout.swift in Sources */ = {isa = PBXBuildFile; fileRef = 0FBB1DAE2511CC340003F77E /* GridLayout.swift */; };
		0FBB1DB22511D1EA0003F77E /* EmojiArtDocumentStore.swift in Sources */ = {isa = PBXBuildFile; fileRef = 0FBB1DB12511D1EA0003F77E /* EmojiArtDocumentStore.swift */; };
		0FBB1DB42511D8010003F77E /* EmojiArtDocumentChooser.swift in Sources */ = {isa = PBXBuildFile; fileRef = 0FBB1DB32511D8010003F77E /* EmojiArtDocumentChooser.swift */; };
/* End PBXBuildFile section */

/* Begin PBXFileReference section */
		0F1D40BC250AC23700F56A18 /* OptionalImage.swift */ = {isa = PBXFileReference; lastKnownFileType = sourcecode.swift; path = OptionalImage.swift; sourceTree = "<group>"; };
		0F1D40BE250AC5AB00F56A18 /* AnimatableSystemFontModifier.swift */ = {isa = PBXFileReference; fileEncoding = 4; lastKnownFileType = sourcecode.swift; path = AnimatableSystemFontModifier.swift; sourceTree = "<group>"; };
		0F7312DD25089E970065A244 /* Emoji Art.app */ = {isa = PBXFileReference; explicitFileType = wrapper.application; includeInIndex = 0; path = "Emoji Art.app"; sourceTree = BUILT_PRODUCTS_DIR; };
		0F7312E025089E970065A244 /* AppDelegate.swift */ = {isa = PBXFileReference; lastKnownFileType = sourcecode.swift; path = AppDelegate.swift; sourceTree = "<group>"; };
		0F7312E225089E970065A244 /* SceneDelegate.swift */ = {isa = PBXFileReference; lastKnownFileType = sourcecode.swift; path = SceneDelegate.swift; sourceTree = "<group>"; };
		0F7312E425089E970065A244 /* EmojiArtDocumentView.swift */ = {isa = PBXFileReference; lastKnownFileType = sourcecode.swift; path = EmojiArtDocumentView.swift; sourceTree = "<group>"; };
		0F7312E625089E9B0065A244 /* Assets.xcassets */ = {isa = PBXFileReference; lastKnownFileType = folder.assetcatalog; path = Assets.xcassets; sourceTree = "<group>"; };
		0F7312E925089E9B0065A244 /* Preview Assets.xcassets */ = {isa = PBXFileReference; lastKnownFileType = folder.assetcatalog; path = "Preview Assets.xcassets"; sourceTree = "<group>"; };
		0F7312EC25089E9B0065A244 /* Base */ = {isa = PBXFileReference; lastKnownFileType = file.storyboard; name = Base; path = Base.lproj/LaunchScreen.storyboard; sourceTree = "<group>"; };
		0F7312EE25089E9B0065A244 /* Info.plist */ = {isa = PBXFileReference; lastKnownFileType = text.plist.xml; path = Info.plist; sourceTree = "<group>"; };
		0F7312F425089F560065A244 /* EmojiArtDocument.swift */ = {isa = PBXFileReference; lastKnownFileType = sourcecode.swift; path = EmojiArtDocument.swift; sourceTree = "<group>"; };
		0F7312F62508A3460065A244 /* EmojiArt.swift */ = {isa = PBXFileReference; lastKnownFileType = sourcecode.swift; path = EmojiArt.swift; sourceTree = "<group>"; };
		0F7312F82508DC740065A244 /* EmojiArtExtensions.swift */ = {isa = PBXFileReference; fileEncoding = 4; lastKnownFileType = sourcecode.swift; path = EmojiArtExtensions.swift; sourceTree = "<group>"; };
		0FBB1D8D250E4F9C0003F77E /* Spinning.swift */ = {isa = PBXFileReference; lastKnownFileType = sourcecode.swift; path = Spinning.swift; sourceTree = "<group>"; };
		0FBB1D8F250EAA460003F77E /* PaletteChooser.swift */ = {isa = PBXFileReference; lastKnownFileType = sourcecode.swift; path = PaletteChooser.swift; sourceTree = "<group>"; };
		0FBB1D91250EAC2A0003F77E /* EmojiArtDocumentPalette.swift */ = {isa = PBXFileReference; fileEncoding = 4; lastKnownFileType = sourcecode.swift; path = EmojiArtDocumentPalette.swift; sourceTree = "<group>"; };
		0FBB1DAD2511CC330003F77E /* Grid.swift */ = {isa = PBXFileReference; fileEncoding = 4; lastKnownFileType = sourcecode.swift; path = Grid.swift; sourceTree = "<group>"; };
		0FBB1DAE2511CC340003F77E /* GridLayout.swift */ = {isa = PBXFileReference; fileEncoding = 4; lastKnownFileType = sourcecode.swift; path = GridLayout.swift; sourceTree = "<group>"; };
		0FBB1DB12511D1EA0003F77E /* EmojiArtDocumentStore.swift */ = {isa = PBXFileReference; fileEncoding = 4; lastKnownFileType = sourcecode.swift; path = EmojiArtDocumentStore.swift; sourceTree = "<group>"; };
		0FBB1DB32511D8010003F77E /* EmojiArtDocumentChooser.swift */ = {isa = PBXFileReference; lastKnownFileType = sourcecode.swift; path = EmojiArtDocumentChooser.swift; sourceTree = "<group>"; };
/* End PBXFileReference section */

/* Begin PBXFrameworksBuildPhase section */
		0F7312DA25089E970065A244 /* Frameworks */ = {
			isa = PBXFrameworksBuildPhase;
			buildActionMask = 2147483647;
			files = (
			);
			runOnlyForDeploymentPostprocessing = 0;
		};
/* End PBXFrameworksBuildPhase section */

/* Begin PBXGroup section */
		0F7312D425089E970065A244 = {
			isa = PBXGroup;
			children = (
				0F7312DF25089E970065A244 /* EmojiArt */,
				0F7312DE25089E970065A244 /* Products */,
			);
			sourceTree = "<group>";
		};
		0F7312DE25089E970065A244 /* Products */ = {
			isa = PBXGroup;
			children = (
				0F7312DD25089E970065A244 /* Emoji Art.app */,
			);
			name = Products;
			sourceTree = "<group>";
		};
		0F7312DF25089E970065A244 /* EmojiArt */ = {
			isa = PBXGroup;
			children = (
				0F7312E025089E970065A244 /* AppDelegate.swift */,
				0F7312E225089E970065A244 /* SceneDelegate.swift */,
				0F1D40BE250AC5AB00F56A18 /* AnimatableSystemFontModifier.swift */,
				0F1D40BC250AC23700F56A18 /* OptionalImage.swift */,
				0FBB1DAD2511CC330003F77E /* Grid.swift */,
				0FBB1DAE2511CC340003F77E /* GridLayout.swift */,
				0F7312F82508DC740065A244 /* EmojiArtExtensions.swift */,
				0FBB1D91250EAC2A0003F77E /* EmojiArtDocumentPalette.swift */,
				0FBB1DB32511D8010003F77E /* EmojiArtDocumentChooser.swift */,
				0FBB1DB12511D1EA0003F77E /* EmojiArtDocumentStore.swift */,
				0F7312E425089E970065A244 /* EmojiArtDocumentView.swift */,
				0F7312F62508A3460065A244 /* EmojiArt.swift */,
				0F7312F425089F560065A244 /* EmojiArtDocument.swift */,
				0FBB1D8F250EAA460003F77E /* PaletteChooser.swift */,
				0FBB1D8D250E4F9C0003F77E /* Spinning.swift */,
				0F7312E625089E9B0065A244 /* Assets.xcassets */,
				0F7312EB25089E9B0065A244 /* LaunchScreen.storyboard */,
				0F7312EE25089E9B0065A244 /* Info.plist */,
				0F7312E825089E9B0065A244 /* Preview Content */,
			);
			path = EmojiArt;
			sourceTree = "<group>";
		};
		0F7312E825089E9B0065A244 /* Preview Content */ = {
			isa = PBXGroup;
			children = (
				0F7312E925089E9B0065A244 /* Preview Assets.xcassets */,
			);
			path = "Preview Content";
			sourceTree = "<group>";
		};
/* End PBXGroup section */

/* Begin PBXNativeTarget section */
		0F7312DC25089E970065A244 /* EmojiArt */ = {
			isa = PBXNativeTarget;
			buildConfigurationList = 0F7312F125089E9B0065A244 /* Build configuration list for PBXNativeTarget "EmojiArt" */;
			buildPhases = (
				0F7312D925089E970065A244 /* Sources */,
				0F7312DA25089E970065A244 /* Frameworks */,
				0F7312DB25089E970065A244 /* Resources */,
			);
			buildRules = (
			);
			dependencies = (
			);
			name = EmojiArt;
			productName = EmojiArt;
			productReference = 0F7312DD25089E970065A244 /* Emoji Art.app */;
			productType = "com.apple.product-type.application";
		};
/* End PBXNativeTarget section */

/* Begin PBXProject section */
		0F7312D525089E970065A244 /* Project object */ = {
			isa = PBXProject;
			attributes = {
				LastSwiftUpdateCheck = 1170;
				LastUpgradeCheck = 1170;
				ORGANIZATIONNAME = "Koe Jia-Yee";
				TargetAttributes = {
					0F7312DC25089E970065A244 = {
						CreatedOnToolsVersion = 11.7;
					};
				};
			};
			buildConfigurationList = 0F7312D825089E970065A244 /* Build configuration list for PBXProject "EmojiArt" */;
			compatibilityVersion = "Xcode 9.3";
			developmentRegion = en;
			hasScannedForEncodings = 0;
			knownRegions = (
				en,
				Base,
			);
			mainGroup = 0F7312D425089E970065A244;
			productRefGroup = 0F7312DE25089E970065A244 /* Products */;
			projectDirPath = "";
			projectRoot = "";
			targets = (
				0F7312DC25089E970065A244 /* EmojiArt */,
			);
		};
/* End PBXProject section */

/* Begin PBXResourcesBuildPhase section */
		0F7312DB25089E970065A244 /* Resources */ = {
			isa = PBXResourcesBuildPhase;
			buildActionMask = 2147483647;
			files = (
				0F7312ED25089E9B0065A244 /* LaunchScreen.storyboard in Resources */,
				0F7312EA25089E9B0065A244 /* Preview Assets.xcassets in Resources */,
				0F7312E725089E9B0065A244 /* Assets.xcassets in Resources */,
			);
			runOnlyForDeploymentPostprocessing = 0;
		};
/* End PBXResourcesBuildPhase section */

/* Begin PBXSourcesBuildPhase section */
		0F7312D925089E970065A244 /* Sources */ = {
			isa = PBXSourcesBuildPhase;
			buildActionMask = 2147483647;
			files = (
				0FBB1D92250EAC2A0003F77E /* EmojiArtDocumentPalette.swift in Sources */,
				0F7312E125089E970065A244 /* AppDelegate.swift in Sources */,
				0F7312E325089E970065A244 /* SceneDelegate.swift in Sources */,
				0F7312F92508DC740065A244 /* EmojiArtExtensions.swift in Sources */,
				0F7312F72508A3460065A244 /* EmojiArt.swift in Sources */,
				0F7312E525089E970065A244 /* EmojiArtDocumentView.swift in Sources */,
				0FBB1DB02511CC340003F77E /* GridLayout.swift in Sources */,
				0F1D40BD250AC23700F56A18 /* OptionalImage.swift in Sources */,
				0FBB1D8E250E4F9C0003F77E /* Spinning.swift in Sources */,
				0FBB1DB22511D1EA0003F77E /* EmojiArtDocumentStore.swift in Sources */,
				0F1D40BF250AC5AB00F56A18 /* AnimatableSystemFontModifier.swift in Sources */,
				0FBB1DB42511D8010003F77E /* EmojiArtDocumentChooser.swift in Sources */,
				0F7312F525089F560065A244 /* EmojiArtDocument.swift in Sources */,
				0FBB1D90250EAA460003F77E /* PaletteChooser.swift in Sources */,
				0FBB1DAF2511CC340003F77E /* Grid.swift in Sources */,
			);
			runOnlyForDeploymentPostprocessing = 0;
		};
/* End PBXSourcesBuildPhase section */

/* Begin PBXVariantGroup section */
		0F7312EB25089E9B0065A244 /* LaunchScreen.storyboard */ = {
			isa = PBXVariantGroup;
			children = (
				0F7312EC25089E9B0065A244 /* Base */,
			);
			name = LaunchScreen.storyboard;
			sourceTree = "<group>";
		};
/* End PBXVariantGroup section */

/* Begin XCBuildConfiguration section */
		0F7312EF25089E9B0065A244 /* Debug */ = {
			isa = XCBuildConfiguration;
			buildSettings = {
				ALWAYS_SEARCH_USER_PATHS = NO;
				CLANG_ANALYZER_NONNULL = YES;
				CLANG_ANALYZER_NUMBER_OBJECT_CONVERSION = YES_AGGRESSIVE;
				CLANG_CXX_LANGUAGE_STANDARD = "gnu++14";
				CLANG_CXX_LIBRARY = "libc++";
				CLANG_ENABLE_MODULES = YES;
				CLANG_ENABLE_OBJC_ARC = YES;
				CLANG_ENABLE_OBJC_WEAK = YES;
				CLANG_WARN_BLOCK_CAPTURE_AUTORELEASING = YES;
				CLANG_WARN_BOOL_CONVERSION = YES;
				CLANG_WARN_COMMA = YES;
				CLANG_WARN_CONSTANT_CONVERSION = YES;
				CLANG_WARN_DEPRECATED_OBJC_IMPLEMENTATIONS = YES;
				CLANG_WARN_DIRECT_OBJC_ISA_USAGE = YES_ERROR;
				CLANG_WARN_DOCUMENTATION_COMMENTS = YES;
				CLANG_WARN_EMPTY_BODY = YES;
				CLANG_WARN_ENUM_CONVERSION = YES;
				CLANG_WARN_INFINITE_RECURSION = YES;
				CLANG_WARN_INT_CONVERSION = YES;
				CLANG_WARN_NON_LITERAL_NULL_CONVERSION = YES;
				CLANG_WARN_OBJC_IMPLICIT_RETAIN_SELF = YES;
				CLANG_WARN_OBJC_LITERAL_CONVERSION = YES;
				CLANG_WARN_OBJC_ROOT_CLASS = YES_ERROR;
				CLANG_WARN_RANGE_LOOP_ANALYSIS = YES;
				CLANG_WARN_STRICT_PROTOTYPES = YES;
				CLANG_WARN_SUSPICIOUS_MOVE = YES;
				CLANG_WARN_UNGUARDED_AVAILABILITY = YES_AGGRESSIVE;
				CLANG_WARN_UNREACHABLE_CODE = YES;
				CLANG_WARN__DUPLICATE_METHOD_MATCH = YES;
				COPY_PHASE_STRIP = NO;
				DEBUG_INFORMATION_FORMAT = dwarf;
				ENABLE_STRICT_OBJC_MSGSEND = YES;
				ENABLE_TESTABILITY = YES;
				GCC_C_LANGUAGE_STANDARD = gnu11;
				GCC_DYNAMIC_NO_PIC = NO;
				GCC_NO_COMMON_BLOCKS = YES;
				GCC_OPTIMIZATION_LEVEL = 0;
				GCC_PREPROCESSOR_DEFINITIONS = (
					"DEBUG=1",
					"$(inherited)",
				);
				GCC_WARN_64_TO_32_BIT_CONVERSION = YES;
				GCC_WARN_ABOUT_RETURN_TYPE = YES_ERROR;
				GCC_WARN_UNDECLARED_SELECTOR = YES;
				GCC_WARN_UNINITIALIZED_AUTOS = YES_AGGRESSIVE;
				GCC_WARN_UNUSED_FUNCTION = YES;
				GCC_WARN_UNUSED_VARIABLE = YES;
				IPHONEOS_DEPLOYMENT_TARGET = 13.7;
				MTL_ENABLE_DEBUG_INFO = INCLUDE_SOURCE;
				MTL_FAST_MATH = YES;
				ONLY_ACTIVE_ARCH = YES;
				SDKROOT = iphoneos;
				SWIFT_ACTIVE_COMPILATION_CONDITIONS = DEBUG;
				SWIFT_OPTIMIZATION_LEVEL = "-Onone";
			};
			name = Debug;
		};
		0F7312F025089E9B0065A244 /* Release */ = {
			isa = XCBuildConfiguration;
			buildSettings = {
				ALWAYS_SEARCH_USER_PATHS = NO;
				CLANG_ANALYZER_NONNULL = YES;
				CLANG_ANALYZER_NUMBER_OBJECT_CONVERSION = YES_AGGRESSIVE;
				CLANG_CXX_LANGUAGE_STANDARD = "gnu++14";
				CLANG_CXX_LIBRARY = "libc++";
				CLANG_ENABLE_MODULES = YES;
				CLANG_ENABLE_OBJC_ARC = YES;
				CLANG_ENABLE_OBJC_WEAK = YES;
				CLANG_WARN_BLOCK_CAPTURE_AUTORELEASING = YES;
				CLANG_WARN_BOOL_CONVERSION = YES;
				CLANG_WARN_COMMA = YES;
				CLANG_WARN_CONSTANT_CONVERSION = YES;
				CLANG_WARN_DEPRECATED_OBJC_IMPLEMENTATIONS = YES;
				CLANG_WARN_DIRECT_OBJC_ISA_USAGE = YES_ERROR;
				CLANG_WARN_DOCUMENTATION_COMMENTS = YES;
				CLANG_WARN_EMPTY_BODY = YES;
				CLANG_WARN_ENUM_CONVERSION = YES;
				CLANG_WARN_INFINITE_RECURSION = YES;
				CLANG_WARN_INT_CONVERSION = YES;
				CLANG_WARN_NON_LITERAL_NULL_CONVERSION = YES;
				CLANG_WARN_OBJC_IMPLICIT_RETAIN_SELF = YES;
				CLANG_WARN_OBJC_LITERAL_CONVERSION = YES;
				CLANG_WARN_OBJC_ROOT_CLASS = YES_ERROR;
				CLANG_WARN_RANGE_LOOP_ANALYSIS = YES;
				CLANG_WARN_STRICT_PROTOTYPES = YES;
				CLANG_WARN_SUSPICIOUS_MOVE = YES;
				CLANG_WARN_UNGUARDED_AVAILABILITY = YES_AGGRESSIVE;
				CLANG_WARN_UNREACHABLE_CODE = YES;
				CLANG_WARN__DUPLICATE_METHOD_MATCH = YES;
				COPY_PHASE_STRIP = NO;
				DEBUG_INFORMATION_FORMAT = "dwarf-with-dsym";
				ENABLE_NS_ASSERTIONS = NO;
				ENABLE_STRICT_OBJC_MSGSEND = YES;
				GCC_C_LANGUAGE_STANDARD = gnu11;
				GCC_NO_COMMON_BLOCKS = YES;
				GCC_WARN_64_TO_32_BIT_CONVERSION = YES;
				GCC_WARN_ABOUT_RETURN_TYPE = YES_ERROR;
				GCC_WARN_UNDECLARED_SELECTOR = YES;
				GCC_WARN_UNINITIALIZED_AUTOS = YES_AGGRESSIVE;
				GCC_WARN_UNUSED_FUNCTION = YES;
				GCC_WARN_UNUSED_VARIABLE = YES;
				IPHONEOS_DEPLOYMENT_TARGET = 13.7;
				MTL_ENABLE_DEBUG_INFO = NO;
				MTL_FAST_MATH = YES;
				SDKROOT = iphoneos;
				SWIFT_COMPILATION_MODE = wholemodule;
				SWIFT_OPTIMIZATION_LEVEL = "-O";
				VALIDATE_PRODUCT = YES;
			};
			name = Release;
		};
		0F7312F225089E9B0065A244 /* Debug */ = {
			isa = XCBuildConfiguration;
			buildSettings = {
				ASSETCATALOG_COMPILER_APPICON_NAME = AppIcon;
				CODE_SIGN_STYLE = Automatic;
				DEVELOPMENT_ASSET_PATHS = "\"EmojiArt/Preview Content\"";
				DEVELOPMENT_TEAM = WQ7VC4829H;
				ENABLE_PREVIEWS = YES;
				INFOPLIST_FILE = EmojiArt/Info.plist;
				LD_RUNPATH_SEARCH_PATHS = (
					"$(inherited)",
					"@executable_path/Frameworks",
				);
				PRODUCT_BUNDLE_IDENTIFIER = com.jiayee.koe.EmojiArt;
				PRODUCT_NAME = "Emoji Art";
				SWIFT_VERSION = 5.0;
				TARGETED_DEVICE_FAMILY = "1,2";
			};
			name = Debug;
		};
		0F7312F325089E9B0065A244 /* Release */ = {
			isa = XCBuildConfiguration;
			buildSettings = {
				ASSETCATALOG_COMPILER_APPICON_NAME = AppIcon;
				CODE_SIGN_STYLE = Automatic;
				DEVELOPMENT_ASSET_PATHS = "\"EmojiArt/Preview Content\"";
				DEVELOPMENT_TEAM = WQ7VC4829H;
				ENABLE_PREVIEWS = YES;
				INFOPLIST_FILE = EmojiArt/Info.plist;
				LD_RUNPATH_SEARCH_PATHS = (
					"$(inherited)",
					"@executable_path/Frameworks",
				);
				PRODUCT_BUNDLE_IDENTIFIER = com.jiayee.koe.EmojiArt;
				PRODUCT_NAME = "Emoji Art";
				SWIFT_VERSION = 5.0;
				TARGETED_DEVICE_FAMILY = "1,2";
			};
			name = Release;
		};
/* End XCBuildConfiguration section */

/* Begin XCConfigurationList section */
		0F7312D825089E970065A244 /* Build configuration list for PBXProject "EmojiArt" */ = {
			isa = XCConfigurationList;
			buildConfigurations = (
				0F7312EF25089E9B0065A244 /* Debug */,
				0F7312F025089E9B0065A244 /* Release */,
			);
			defaultConfigurationIsVisible = 0;
			defaultConfigurationName = Release;
		};
		0F7312F125089E9B0065A244 /* Build configuration list for PBXNativeTarget "EmojiArt" */ = {
			isa = XCConfigurationList;
			buildConfigurations = (
				0F7312F225089E9B0065A244 /* Debug */,
				0F7312F325089E9B0065A244 /* Release */,
			);
			defaultConfigurationIsVisible = 0;
			defaultConfigurationName = Release;
		};
/* End XCConfigurationList section */
	};
	rootObject = 0F7312D525089E970065A244 /* Project object */;
}
